{
  "pins" : [
    {
      "identity" : "aliaswonderland",
      "kind" : "remoteSourceControl",
      "location" : "https://github.com/sloik/AliasWonderland.git",
      "state" : {
        "revision" : "29951552c3b6265a8f1ef8904ca39a40f78b1ea6",
        "version" : "4.0.1"
      }
    },
    {
      "identity" : "extests",
      "kind" : "remoteSourceControl",
      "location" : "https://github.com/sloik/ExTests.git",
      "state" : {
        "revision" : "14884fa297fc7a450ceaf078fba50f6b12635fdf",
        "version" : "0.1.2"
      }
    },
    {
      "identity" : "optionalapi",
      "kind" : "remoteSourceControl",
      "location" : "https://github.com/sloik/OptionalAPI.git",
      "state" : {
        "revision" : "068491d82d6453f447b7b8522fe8e744abbd683e",
        "version" : "5.2.0"
      }
    },
    {
      "identity" : "swift-http-types",
      "kind" : "remoteSourceControl",
      "location" : "https://github.com/apple/swift-http-types.git",
      "state" : {
        "revision" : "bff4b6903cdc99dda49649dd52f46c11cfd3ed50",
        "version" : "1.8.0"
      }
    },
    {
      "identity" : "swift-snapshot-testing",
      "kind" : "remoteSourceControl",
      "location" : "https://github.com/pointfreeco/swift-snapshot-testing",
      "state" : {
        "revision" : "ad5e3190cc63dc288f28546f9c6827efc1e9d495",
        "version" : "1.19.2"
      }
    },
    {
      "identity" : "swift-syntax",
      "kind" : "remoteSourceControl",
      "location" : "https://github.com/swiftlang/swift-syntax",
      "state" : {
        "revision" : "82a453c2dfa335c7e778695762438dfe72b328d2",
        "version" : "600.0.0-prerelease-2024-07-24"
      }
    }
  ],
  "version" : 2
}
